
Microsoft Visual Studio Solution File, Format Version 12.00
# Visual Studio Version 17
VisualStudioVersion = 17.9.34622.214
MinimumVisualStudioVersion = 10.0.40219.1
Project("{9A19103F-16F7-4668-BE54-9A1E7A4F7556}") = "TeamManager", "TeamManager\TeamManager.csproj", "{8152AB10-73EA-417B-A40D-6417EF101DE0}"
EndProject
Project("{FAE04EC0-301F-11D3-BF4B-00C04F79EFBC}") = "TeamManager.Core", "TeamManager.Core\TeamManager.Core.csproj", "{9732FCA1-C522-4F47-B3BF-63C8D90091B5}"
EndProject
Project("{FAE04EC0-301F-11D3-BF4B-00C04F79EFBC}") = "TeamManager.Repository", "TeamManager.Repository\TeamManager.Repository.csproj", "{2C8C0B5C-5EA6-40B5-B6E9-E135223A0C6A}"
EndProject
Global
	GlobalSection(SolutionConfigurationPlatforms) = preSolution
		Debug|Any CPU = Debug|Any CPU
		Release|Any CPU = Release|Any CPU
	EndGlobalSection
	GlobalSection(ProjectConfigurationPlatforms) = postSolution
		{8152AB10-73EA-417B-A40D-6417EF101DE0}.Debug|Any CPU.ActiveCfg = Debug|Any CPU
		{8152AB10-73EA-417B-A40D-6417EF101DE0}.Debug|Any CPU.Build.0 = Debug|Any CPU
		{8152AB10-73EA-417B-A40D-6417EF101DE0}.Release|Any CPU.ActiveCfg = Release|Any CPU
		{8152AB10-73EA-417B-A40D-6417EF101DE0}.Release|Any CPU.Build.0 = Release|Any CPU
		{9732FCA1-C522-4F47-B3BF-63C8D90091B5}.Debug|Any CPU.ActiveCfg = Debug|Any CPU
		{9732FCA1-C522-4F47-B3BF-63C8D90091B5}.Debug|Any CPU.Build.0 = Debug|Any CPU
		{9732FCA1-C522-4F47-B3BF-63C8D90091B5}.Release|Any CPU.ActiveCfg = Release|Any CPU
		{9732FCA1-C522-4F47-B3BF-63C8D90091B5}.Release|Any CPU.Build.0 = Release|Any CPU
		{2C8C0B5C-5EA6-40B5-B6E9-E135223A0C6A}.Debug|Any CPU.ActiveCfg = Debug|Any CPU
		{2C8C0B5C-5EA6-40B5-B6E9-E135223A0C6A}.Debug|Any CPU.Build.0 = Debug|Any CPU
		{2C8C0B5C-5EA6-40B5-B6E9-E135223A0C6A}.Release|Any CPU.ActiveCfg = Release|Any CPU
		{2C8C0B5C-5EA6-40B5-B6E9-E135223A0C6A}.Release|Any CPU.Build.0 = Release|Any CPU
	EndGlobalSection
	GlobalSection(SolutionProperties) = preSolution
		HideSolutionNode = FALSE
	EndGlobalSection
	GlobalSection(ExtensibilityGlobals) = postSolution
		SolutionGuid = {FB9BFF5A-FC5D-49AC-9B42-7F9D96CB596D}
	EndGlobalSection
EndGlobal
